{
  "requires": true,
  "lockfileVersion": 1,
  "dependencies": {
    "@angular/material": {
      "version": "8.0.0",
      "resolved": "https://registry.npmjs.org/@angular/material/-/material-8.0.0.tgz",
      "integrity": "sha512-c7O7GhZd46xF2WB6T/YPam5lJkTgQLdIS53IqwZIFhL427+SEfPvejVzRnVfZCI3NdrKiWt/5VsvtQZwWzlGvw==",
      "requires": {
        "tslib": "^1.7.1"
      }
    },
    "tslib": {
      "version": "1.9.3",
      "resolved": "https://registry.npmjs.org/tslib/-/tslib-1.9.3.tgz",
      "integrity": "sha512-4krF8scpejhaOgqzBEcGM7yDIEfi0/8+8zDRZhNZZ2kjmHJ4hv3zCbQWxoJGz1iw5U0Jl0nma13xzHXcncMavQ=="
    }
  }
}
